
Microsoft Visual Studio Solution File, Format Version 12.00
# Visual Studio Version 17
VisualStudioVersion = 17.0.32126.317
MinimumVisualStudioVersion = 10.0.40219.1
Project("{FAE04EC0-301F-11D3-BF4B-00C04F79EFBC}") = "RoomTAGS", "RoomTAGS\RoomTAGS.csproj", "{008B2627-FD33-4659-82F4-D21448D5E00F}"
EndProject
Global
	GlobalSection(SolutionConfigurationPlatforms) = preSolution
		Debug|Any CPU = Debug|Any CPU
		Release|Any CPU = Release|Any CPU
	EndGlobalSection
	GlobalSection(ProjectConfigurationPlatforms) = postSolution
		{008B2627-FD33-4659-82F4-D21448D5E00F}.Debug|Any CPU.ActiveCfg = Debug|Any CPU
		{008B2627-FD33-4659-82F4-D21448D5E00F}.Debug|Any CPU.Build.0 = Debug|Any CPU
		{008B2627-FD33-4659-82F4-D21448D5E00F}.Release|Any CPU.ActiveCfg = Release|Any CPU
		{008B2627-FD33-4659-82F4-D21448D5E00F}.Release|Any CPU.Build.0 = Release|Any CPU
	EndGlobalSection
	GlobalSection(SolutionProperties) = preSolution
		HideSolutionNode = FALSE
	EndGlobalSection
	GlobalSection(ExtensibilityGlobals) = postSolution
		SolutionGuid = {E37EF4AD-ACB1-4B23-BB2B-9B2E71A9DA0B}
	EndGlobalSection
EndGlobal
